PODS:
  - device_info_plus (0.0.1):
    - Flutter
  - Flutter (1.0.0)
  - flutter_logs (0.0.1):
    - Flutter
    - ZIPFoundation
  - flutter_secure_storage (3.3.1):
    - Flutter
  - package_info (0.0.1):
    - Flutter
  - shared_preferences (0.0.1):
    - Flutter
  - ZIPFoundation (0.9.11)

DEPENDENCIES:
  - device_info_plus (from `.symlinks/plugins/device_info_plus/ios`)
  - Flutter (from `Flutter`)
  - flutter_logs (from `.symlinks/plugins/flutter_logs/ios`)
  - flutter_secure_storage (from `.symlinks/plugins/flutter_secure_storage/ios`)
  - package_info (from `.symlinks/plugins/package_info/ios`)
  - shared_preferences (from `.symlinks/plugins/shared_preferences/ios`)

SPEC REPOS:
  trunk:
    - ZIPFoundation

EXTERNAL SOURCES:
  device_info_plus:
    :path: ".symlinks/plugins/device_info_plus/ios"
  Flutter:
    :path: Flutter
  flutter_logs:
    :path: ".symlinks/plugins/flutter_logs/ios"
  flutter_secure_storage:
    :path: ".symlinks/plugins/flutter_secure_storage/ios"
  package_info:
    :path: ".symlinks/plugins/package_info/ios"
  shared_preferences:
    :path: ".symlinks/plugins/shared_preferences/ios"

SPEC CHECKSUMS:
  device_info_plus: e5c5da33f982a436e103237c0c85f9031142abed
  Flutter: 50d75fe2f02b26cc09d224853bb45737f8b3214a
  flutter_logs: 5d0dca26963e0f30b11a995a764744ef77d5d428
  flutter_secure_storage: 7953c38a04c3fdbb00571bcd87d8e3b5ceb9daec
  package_info: 873975fc26034f0b863a300ad47e7f1ac6c7ec62
  shared_preferences: af6bfa751691cdc24be3045c43ec037377ada40d
  ZIPFoundation: b1f0de4eed33e74a676f76e12559ab6b75990197

PODFILE CHECKSUM: 8e679eca47255a8ca8067c4c67aab20e64cb974d

COCOAPODS: 1.10.1
